// !$*UTF8*$!
{
	archiveVersion = 1;
	classes = {
	};
	objectVersion = 46;
	objects = {

/* Begin PBXBuildFile section */
		C80664E31E2AB05100860419 /* main.m in Sources */ = {isa = PBXBuildFile; fileRef = C80664E21E2AB05100860419 /* main.m */; };
		C80664EB1E2AB08E00860419 /* InputCollector.m in Sources */ = {isa = PBXBuildFile; fileRef = C80664EA1E2AB08E00860419 /* InputCollector.m */; };
		C80664EE1E2AB10E00860419 /* Player.m in Sources */ = {isa = PBXBuildFile; fileRef = C80664ED1E2AB10E00860419 /* Player.m */; };
		C80664F11E2ACDAC00860419 /* PlayerManager.m in Sources */ = {isa = PBXBuildFile; fileRef = C80664F01E2ACDAC00860419 /* PlayerManager.m */; };
/* End PBXBuildFile section */

/* Begin PBXCopyFilesBuildPhase section */
		C80664DD1E2AB05100860419 /* CopyFiles */ = {
			isa = PBXCopyFilesBuildPhase;
			buildActionMask = 2147483647;
			dstPath = /usr/share/man/man1/;
			dstSubfolderSpec = 0;
			files = (
			);
			runOnlyForDeploymentPostprocessing = 1;
		};
/* End PBXCopyFilesBuildPhase section */

/* Begin PBXFileReference section */
		C80664DF1E2AB05100860419 /* Snakes-and-Ladders */ = {isa = PBXFileReference; explicitFileType = "compiled.mach-o.executable"; includeInIndex = 0; path = "Snakes-and-Ladders"; sourceTree = BUILT_PRODUCTS_DIR; };
		C80664E21E2AB05100860419 /* main.m */ = {isa = PBXFileReference; lastKnownFileType = sourcecode.c.objc; path = main.m; sourceTree = "<group>"; };
		C80664E91E2AB08E00860419 /* InputCollector.h */ = {isa = PBXFileReference; fileEncoding = 4; lastKnownFileType = sourcecode.c.h; path = InputCollector.h; sourceTree = "<group>"; };
		C80664EA1E2AB08E00860419 /* InputCollector.m */ = {isa = PBXFileReference; fileEncoding = 4; lastKnownFileType = sourcecode.c.objc; path = InputCollector.m; sourceTree = "<group>"; };
		C80664EC1E2AB10E00860419 /* Player.h */ = {isa = PBXFileReference; fileEncoding = 4; lastKnownFileType = sourcecode.c.h; path = Player.h; sourceTree = "<group>"; };
		C80664ED1E2AB10E00860419 /* Player.m */ = {isa = PBXFileReference; fileEncoding = 4; lastKnownFileType = sourcecode.c.objc; path = Player.m; sourceTree = "<group>"; };
		C80664EF1E2ACDAC00860419 /* PlayerManager.h */ = {isa = PBXFileReference; fileEncoding = 4; lastKnownFileType = sourcecode.c.h; path = PlayerManager.h; sourceTree = "<group>"; };
		C80664F01E2ACDAC00860419 /* PlayerManager.m */ = {isa = PBXFileReference; fileEncoding = 4; lastKnownFileType = sourcecode.c.objc; path = PlayerManager.m; sourceTree = "<group>"; };
/* End PBXFileReference section */

/* Begin PBXFrameworksBuildPhase section */
		C80664DC1E2AB05100860419 /* Frameworks */ = {
			isa = PBXFrameworksBuildPhase;
			buildActionMask = 2147483647;
			files = (
			);
			runOnlyForDeploymentPostprocessing = 0;
		};
/* End PBXFrameworksBuildPhase section */

/* Begin PBXGroup section */
		C80664D61E2AB05100860419 = {
			isa = PBXGroup;
			children = (
				C80664E11E2AB05100860419 /* Snakes-and-Ladders */,
				C80664E01E2AB05100860419 /* Products */,
			);
			sourceTree = "<group>";
		};
		C80664E01E2AB05100860419 /* Products */ = {
			isa = PBXGroup;
			children = (
				C80664DF1E2AB05100860419 /* Snakes-and-Ladders */,
			);
			name = Products;
			sourceTree = "<group>";
		};
		C80664E11E2AB05100860419 /* Snakes-and-Ladders */ = {
			isa = PBXGroup;
			children = (
				C80664E21E2AB05100860419 /* main.m */,
				C80664E91E2AB08E00860419 /* InputCollector.h */,
				C80664EA1E2AB08E00860419 /* InputCollector.m */,
				C80664EC1E2AB10E00860419 /* Player.h */,
				C80664ED1E2AB10E00860419 /* Player.m */,
				C80664EF1E2ACDAC00860419 /* PlayerManager.h */,
				C80664F01E2ACDAC00860419 /* PlayerManager.m */,
			);
			path = "Snakes-and-Ladders";
			sourceTree = "<group>";
		};
/* End PBXGroup section */

/* Begin PBXNativeTarget section */
		C80664DE1E2AB05100860419 /* Snakes-and-Ladders */ = {
			isa = PBXNativeTarget;
			buildConfigurationList = C80664E61E2AB05100860419 /* Build configuration list for PBXNativeTarget "Snakes-and-Ladders" */;
			buildPhases = (
				C80664DB1E2AB05100860419 /* Sources */,
				C80664DC1E2AB05100860419 /* Frameworks */,
				C80664DD1E2AB05100860419 /* CopyFiles */,
			);
			buildRules = (
			);
			dependencies = (
			);
			name = "Snakes-and-Ladders";
			productName = "Snakes-and-Ladders";
			productReference = C80664DF1E2AB05100860419 /* Snakes-and-Ladders */;
			productType = "com.apple.product-type.tool";
		};
/* End PBXNativeTarget section */

/* Begin PBXProject section */
		C80664D71E2AB05100860419 /* Project object */ = {
			isa = PBXProject;
			attributes = {
				LastUpgradeCheck = 0820;
				ORGANIZATIONNAME = "Alex Bearinger";
				TargetAttributes = {
					C80664DE1E2AB05100860419 = {
						CreatedOnToolsVersion = 8.2.1;
						ProvisioningStyle = Automatic;
					};
				};
			};
			buildConfigurationList = C80664DA1E2AB05100860419 /* Build configuration list for PBXProject "Snakes-and-Ladders" */;
			compatibilityVersion = "Xcode 3.2";
			developmentRegion = English;
			hasScannedForEncodings = 0;
			knownRegions = (
				en,
			);
			mainGroup = C80664D61E2AB05100860419;
			productRefGroup = C80664E01E2AB05100860419 /* Products */;
			projectDirPath = "";
			projectRoot = "";
			targets = (
				C80664DE1E2AB05100860419 /* Snakes-and-Ladders */,
			);
		};
/* End PBXProject section */

/* Begin PBXSourcesBuildPhase section */
		C80664DB1E2AB05100860419 /* Sources */ = {
			isa = PBXSourcesBuildPhase;
			buildActionMask = 2147483647;
			files = (
				C80664EB1E2AB08E00860419 /* InputCollector.m in Sources */,
				C80664EE1E2AB10E00860419 /* Player.m in Sources */,
				C80664F11E2ACDAC00860419 /* PlayerManager.m in Sources */,
				C80664E31E2AB05100860419 /* main.m in Sources */,
			);
			runOnlyForDeploymentPostprocessing = 0;
		};
/* End PBXSourcesBuildPhase section */

/* Begin XCBuildConfiguration section */
		C80664E41E2AB05100860419 /* Debug */ = {
			isa = XCBuildConfiguration;
			buildSettings = {
				ALWAYS_SEARCH_USER_PATHS = NO;
				CLANG_ANALYZER_NONNULL = YES;
				CLANG_CXX_LANGUAGE_STANDARD = "gnu++0x";
				CLANG_CXX_LIBRARY = "libc++";
				CLANG_ENABLE_MODULES = YES;
				CLANG_ENABLE_OBJC_ARC = YES;
				CLANG_WARN_BOOL_CONVERSION = YES;
				CLANG_WARN_CONSTANT_CONVERSION = YES;
				CLANG_WARN_DIRECT_OBJC_ISA_USAGE = YES_ERROR;
				CLANG_WARN_DOCUMENTATION_COMMENTS = YES;
				CLANG_WARN_EMPTY_BODY = YES;
				CLANG_WARN_ENUM_CONVERSION = YES;
				CLANG_WARN_INFINITE_RECURSION = YES;
				CLANG_WARN_INT_CONVERSION = YES;
				CLANG_WARN_OBJC_ROOT_CLASS = YES_ERROR;
				CLANG_WARN_SUSPICIOUS_MOVE = YES;
				CLANG_WARN_UNREACHABLE_CODE = YES;
				CLANG_WARN__DUPLICATE_METHOD_MATCH = YES;
				CODE_SIGN_IDENTITY = "-";
				COPY_PHASE_STRIP = NO;
				DEBUG_INFORMATION_FORMAT = dwarf;
				ENABLE_STRICT_OBJC_MSGSEND = YES;
				ENABLE_TESTABILITY = YES;
				GCC_C_LANGUAGE_STANDARD = gnu99;
				GCC_DYNAMIC_NO_PIC = NO;
				GCC_NO_COMMON_BLOCKS = YES;
				GCC_OPTIMIZATION_LEVEL = 0;
				GCC_PREPROCESSOR_DEFINITIONS = (
					"DEBUG=1",
					"$(inherited)",
				);
				GCC_WARN_64_TO_32_BIT_CONVERSION = YES;
				GCC_WARN_ABOUT_RETURN_TYPE = YES_ERROR;
				GCC_WARN_UNDECLARED_SELECTOR = YES;
				GCC_WARN_UNINITIALIZED_AUTOS = YES_AGGRESSIVE;
				GCC_WARN_UNUSED_FUNCTION = YES;
				GCC_WARN_UNUSED_VARIABLE = YES;
				MACOSX_DEPLOYMENT_TARGET = 10.12;
				MTL_ENABLE_DEBUG_INFO = YES;
				ONLY_ACTIVE_ARCH = YES;
				SDKROOT = macosx;
			};
			name = Debug;
		};
		C80664E51E2AB05100860419 /* Release */ = {
			isa = XCBuildConfiguration;
			buildSettings = {
				ALWAYS_SEARCH_USER_PATHS = NO;
				CLANG_ANALYZER_NONNULL = YES;
				CLANG_CXX_LANGUAGE_STANDARD = "gnu++0x";
				CLANG_CXX_LIBRARY = "libc++";
				CLANG_ENABLE_MODULES = YES;
				CLANG_ENABLE_OBJC_ARC = YES;
				CLANG_WARN_BOOL_CONVERSION = YES;
				CLANG_WARN_CONSTANT_CONVERSION = YES;
				CLANG_WARN_DIRECT_OBJC_ISA_USAGE = YES_ERROR;
				CLANG_WARN_DOCUMENTATION_COMMENTS = YES;
				CLANG_WARN_EMPTY_BODY = YES;
				CLANG_WARN_ENUM_CONVERSION = YES;
				CLANG_WARN_INFINITE_RECURSION = YES;
				CLANG_WARN_INT_CONVERSION = YES;
				CLANG_WARN_OBJC_ROOT_CLASS = YES_ERROR;
				CLANG_WARN_SUSPICIOUS_MOVE = YES;
				CLANG_WARN_UNREACHABLE_CODE = YES;
				CLANG_WARN__DUPLICATE_METHOD_MATCH = YES;
				CODE_SIGN_IDENTITY = "-";
				COPY_PHASE_STRIP = NO;
				DEBUG_INFORMATION_FORMAT = "dwarf-with-dsym";
				ENABLE_NS_ASSERTIONS = NO;
				ENABLE_STRICT_OBJC_MSGSEND = YES;
				GCC_C_LANGUAGE_STANDARD = gnu99;
				GCC_NO_COMMON_BLOCKS = YES;
				GCC_WARN_64_TO_32_BIT_CONVERSION = YES;
				GCC_WARN_ABOUT_RETURN_TYPE = YES_ERROR;
				GCC_WARN_UNDECLARED_SELECTOR = YES;
				GCC_WARN_UNINITIALIZED_AUTOS = YES_AGGRESSIVE;
				GCC_WARN_UNUSED_FUNCTION = YES;
				GCC_WARN_UNUSED_VARIABLE = YES;
				MACOSX_DEPLOYMENT_TARGET = 10.12;
				MTL_ENABLE_DEBUG_INFO = NO;
				SDKROOT = macosx;
			};
			name = Release;
		};
		C80664E71E2AB05100860419 /* Debug */ = {
			isa = XCBuildConfiguration;
			buildSettings = {
				PRODUCT_NAME = "$(TARGET_NAME)";
			};
			name = Debug;
		};
		C80664E81E2AB05100860419 /* Release */ = {
			isa = XCBuildConfiguration;
			buildSettings = {
				PRODUCT_NAME = "$(TARGET_NAME)";
			};
			name = Release;
		};
/* End XCBuildConfiguration section */

/* Begin XCConfigurationList section */
		C80664DA1E2AB05100860419 /* Build configuration list for PBXProject "Snakes-and-Ladders" */ = {
			isa = XCConfigurationList;
			buildConfigurations = (
				C80664E41E2AB05100860419 /* Debug */,
				C80664E51E2AB05100860419 /* Release */,
			);
			defaultConfigurationIsVisible = 0;
			defaultConfigurationName = Release;
		};
		C80664E61E2AB05100860419 /* Build configuration list for PBXNativeTarget "Snakes-and-Ladders" */ = {
			isa = XCConfigurationList;
			buildConfigurations = (
				C80664E71E2AB05100860419 /* Debug */,
				C80664E81E2AB05100860419 /* Release */,
			);
			defaultConfigurationIsVisible = 0;
		};
/* End XCConfigurationList section */
	};
	rootObject = C80664D71E2AB05100860419 /* Project object */;
}
